version = 1
requires-python = ">=3.10"
resolution-markers = [
    "python_full_version < '3.11' and platform_python_implementation != 'PyPy' and sys_platform == 'win32'",
    "python_full_version >= '3.12'",
    "python_full_version == '3.11.*'",
    "(python_full_version < '3.11' and platform_python_implementation == 'PyPy') or (python_full_version < '3.11' and sys_platform != 'win32')",
]

[[package]]
name = "beyond-fa-randomvector"
version = "0.1.0"
source = { virtual = "." }
dependencies = [
    { name = "numpy" },
    { name = "simpleitk" },
]

[package.metadata]
requires-dist = [
    { name = "numpy" },
    { name = "simpleitk", specifier = ">=2.4.1" },
]

[[package]]
name = "numpy"
version = "1.25.2"
source = { registry = "https://pypi.org/simple" }
sdist = { url = "https://files.pythonhosted.org/packages/a0/41/8f53eff8e969dd8576ddfb45e7ed315407d27c7518ae49418be8ed532b07/numpy-1.25.2.tar.gz", hash = "sha256:fd608e19c8d7c55021dffd43bfe5492fab8cc105cc8986f813f8c3c048b38760", size = 10805282 }
wheels = [
    { url = "https://files.pythonhosted.org/packages/d5/50/8aedb5ff1460e7c8527af15c6326115009e7c270ec705487155b779ebabb/numpy-1.25.2-cp310-cp310-macosx_10_9_x86_64.whl", hash = "sha256:db3ccc4e37a6873045580d413fe79b68e47a681af8db2e046f1dacfa11f86eb3", size = 20814934 },
    { url = "https://files.pythonhosted.org/packages/c3/ea/1d95b399078ecaa7b5d791e1fdbb3aee272077d9fd5fb499593c87dec5ea/numpy-1.25.2-cp310-cp310-macosx_11_0_arm64.whl", hash = "sha256:90319e4f002795ccfc9050110bbbaa16c944b1c37c0baeea43c5fb881693ae1f", size = 13994425 },
    { url = "https://files.pythonhosted.org/packages/b1/39/3f88e2bfac1fb510c112dc0c78a1e7cad8f3a2d75e714d1484a044c56682/numpy-1.25.2-cp310-cp310-manylinux_2_17_aarch64.manylinux2014_aarch64.whl", hash = "sha256:dfe4a913e29b418d096e696ddd422d8a5d13ffba4ea91f9f60440a3b759b0187", size = 14167163 },
    { url = "https://files.pythonhosted.org/packages/71/3c/3b1981c6a1986adc9ee7db760c0c34ea5b14ac3da9ecfcf1ea2a4ec6c398/numpy-1.25.2-cp310-cp310-manylinux_2_17_x86_64.manylinux2014_x86_64.whl", hash = "sha256:f08f2e037bba04e707eebf4bc934f1972a315c883a9e0ebfa8a7756eabf9e357", size = 18219190 },
    { url = "https://files.pythonhosted.org/packages/73/6f/2a0d0ad31a588d303178d494787f921c246c6234eccced236866bc1beaa5/numpy-1.25.2-cp310-cp310-musllinux_1_1_x86_64.whl", hash = "sha256:bec1e7213c7cb00d67093247f8c4db156fd03075f49876957dca4711306d39c9", size = 18068385 },
    { url = "https://files.pythonhosted.org/packages/63/bd/a1c256cdea5d99e2f7e1acc44fc287455420caeb2e97d43ff0dda908fae8/numpy-1.25.2-cp310-cp310-win32.whl", hash = "sha256:7dc869c0c75988e1c693d0e2d5b26034644399dd929bc049db55395b1379e044", size = 12661360 },
    { url = "https://files.pythonhosted.org/packages/b7/db/4d37359e2c9cf8bf071c08b8a6f7374648a5ab2e76e2e22e3b808f81d507/numpy-1.25.2-cp310-cp310-win_amd64.whl", hash = "sha256:834b386f2b8210dca38c71a6e0f4fd6922f7d3fcff935dbe3a570945acb1b545", size = 15554633 },
    { url = "https://files.pythonhosted.org/packages/c9/57/3cb8131a0e6d559501e088d3e685f4122e9ff9104c4b63e4dfd3a577b491/numpy-1.25.2-cp311-cp311-macosx_10_9_x86_64.whl", hash = "sha256:c5462d19336db4560041517dbb7759c21d181a67cb01b36ca109b2ae37d32418", size = 20801693 },
    { url = "https://files.pythonhosted.org/packages/86/a1/b8ef999c32f26a97b5f714887e21f96c12ae99a38583a0a96e65283ac0a1/numpy-1.25.2-cp311-cp311-macosx_11_0_arm64.whl", hash = "sha256:c5652ea24d33585ea39eb6a6a15dac87a1206a692719ff45d53c5282e66d4a8f", size = 14004130 },
    { url = "https://files.pythonhosted.org/packages/50/67/3e966d99a07d60a21a21d7ec016e9e4c2642a86fea251ec68677daf71d4d/numpy-1.25.2-cp311-cp311-manylinux_2_17_aarch64.manylinux2014_aarch64.whl", hash = "sha256:0d60fbae8e0019865fc4784745814cff1c421df5afee233db6d88ab4f14655a2", size = 14158219 },
    { url = "https://files.pythonhosted.org/packages/32/6a/65dbc57a89078af9ff8bfcd4c0761a50172d90192eaeb1b6f56e5fbf1c3d/numpy-1.25.2-cp311-cp311-manylinux_2_17_x86_64.manylinux2014_x86_64.whl", hash = "sha256:60e7f0f7f6d0eee8364b9a6304c2845b9c491ac706048c7e8cf47b83123b8dbf", size = 18209344 },
    { url = "https://files.pythonhosted.org/packages/cd/fe/e900cb2ebafae04b7570081cefc65b6fdd9e202b9b353572506cea5cafdf/numpy-1.25.2-cp311-cp311-musllinux_1_1_x86_64.whl", hash = "sha256:bb33d5a1cf360304754913a350edda36d5b8c5331a8237268c48f91253c3a364", size = 18072378 },
    { url = "https://files.pythonhosted.org/packages/5c/e4/990c6cb09f2cd1a3f53bcc4e489dad903faa01b058b625d84bb62d2e9391/numpy-1.25.2-cp311-cp311-win32.whl", hash = "sha256:5883c06bb92f2e6c8181df7b39971a5fb436288db58b5a1c3967702d4278691d", size = 12654351 },
    { url = "https://files.pythonhosted.org/packages/72/b2/02770e60c4e2f7e158d923ab0dea4e9f146a2dbf267fec6d8dc61d475689/numpy-1.25.2-cp311-cp311-win_amd64.whl", hash = "sha256:5c97325a0ba6f9d041feb9390924614b60b99209a71a69c876f71052521d42a4", size = 15546748 },
]

[[package]]
name = "simpleitk"
version = "2.4.1"
source = { registry = "https://pypi.org/simple" }
wheels = [
    { url = "https://files.pythonhosted.org/packages/ea/a0/3adb0378e42a855a993db72c4717028bac54f32e6e743cf557f372e0964c/SimpleITK-2.4.1-cp310-cp310-macosx_10_9_x86_64.whl", hash = "sha256:682fe4de005688a61e226b552399d3d17ca343b5211d0b81b66078bf657ba8a9", size = 44578222 },
    { url = "https://files.pythonhosted.org/packages/6b/97/b48cc60d24b5588fa6590aed8cc417b475e226d59cd0ec04ec762c580b63/SimpleITK-2.4.1-cp310-cp310-macosx_11_0_arm64.whl", hash = "sha256:634cfdace29ad0a6252b3ed9ede5e5ccf37d7c8ae609c39781187cef49ada75e", size = 38485040 },
    { url = "https://files.pythonhosted.org/packages/f9/61/c947b519f2944aeaf4cb0d25ffdeb7a3aef774f1ad91420ddeeef0afb783/SimpleITK-2.4.1-cp310-cp310-manylinux_2_17_aarch64.manylinux2014_aarch64.whl", hash = "sha256:997b2e702992f0a90567d15271fc762513486e4a34de2cc5ee8a217a8e2e1ac0", size = 47737498 },
    { url = "https://files.pythonhosted.org/packages/2e/11/781ce50527e9b693fffd49cbf66917368006ebdf8257549aa60c49392403/SimpleITK-2.4.1-cp310-cp310-manylinux_2_17_x86_64.manylinux2014_x86_64.whl", hash = "sha256:0ebc7ae651cb5d774c68d8978b4d770a5f46897f1b5c714a68a63716de0961e7", size = 52372037 },
    { url = "https://files.pythonhosted.org/packages/5b/b0/602561656e4491827517d50cdc8a43ef15a30b8521ff717fc05d9a4ac91c/SimpleITK-2.4.1-cp310-cp310-win_amd64.whl", hash = "sha256:f121665a870b1c1f2afc82d9ca6e41f28662850d7b04496f01cd2def6f37e0fd", size = 18630423 },
    { url = "https://files.pythonhosted.org/packages/d7/0f/293125d981e982aab88bf65c5fc7b6f8c6a2d81c16f50b63e4ce1c5b6ca9/SimpleITK-2.4.1-cp311-abi3-macosx_10_9_x86_64.whl", hash = "sha256:f48acf72a13dc5955b9b8e9853560666c978b3166e2ccaf4d9ba352024218080", size = 44633970 },
    { url = "https://files.pythonhosted.org/packages/15/9b/6aa17d6d1d75c20eb23e84199e1d1c0d2b642c737b3da9873643b6a961e5/SimpleITK-2.4.1-cp311-abi3-macosx_11_0_arm64.whl", hash = "sha256:204a5a87f8f2dd0b018a304f4dfb302adbf8fb4804b75c231340a37a36dd59de", size = 38535134 },
    { url = "https://files.pythonhosted.org/packages/43/44/04d6e424c31a72253492aebf346dfa34b9eb4d5cf7d6d0b01e81db330300/SimpleITK-2.4.1-cp311-abi3-manylinux_2_17_aarch64.manylinux2014_aarch64.whl", hash = "sha256:8347e491e1e387d192d924b6b3091a3db7998c41dee15f863b662f71c8423633", size = 47720289 },
    { url = "https://files.pythonhosted.org/packages/04/01/092450812318797588d34868d977a863ea34c6109836f4d6d33c939b4298/SimpleITK-2.4.1-cp311-abi3-manylinux_2_17_x86_64.manylinux2014_x86_64.whl", hash = "sha256:0a963e107138611a062c00d9513357772dbf33e0f6fa7214231d392f63c8ffaa", size = 52336709 },
    { url = "https://files.pythonhosted.org/packages/03/1a/3bb37467ac11b599368181abbef36e0065e95c935ebbbb3922740b8b32f4/SimpleITK-2.4.1-cp311-abi3-win_amd64.whl", hash = "sha256:e98389f74b557bf90bf2baa6fc16e8d5b7e149251e92868724cee94ca744b1b5", size = 18661093 },
]
